
Microsoft Visual Studio Solution File, Format Version 12.00
# Visual Studio Version 17
VisualStudioVersion = 17.14.36518.9 d17.14
MinimumVisualStudioVersion = 10.0.40219.1
Project("{FAE04EC0-301F-11D3-BF4B-00C04F79EFBC}") = "Marcu_Nastasiu_Coworking_Mobile", "Marcu_Nastasiu_Coworking_Mobile.csproj", "{7A214AA2-D625-4D66-959A-60F86F7250B1}"
EndProject
Global
	GlobalSection(SolutionConfigurationPlatforms) = preSolution
		Debug|Any CPU = Debug|Any CPU
		Release|Any CPU = Release|Any CPU
	EndGlobalSection
	GlobalSection(ProjectConfigurationPlatforms) = postSolution
		{7A214AA2-D625-4D66-959A-60F86F7250B1}.Debug|Any CPU.ActiveCfg = Debug|Any CPU
		{7A214AA2-D625-4D66-959A-60F86F7250B1}.Debug|Any CPU.Build.0 = Debug|Any CPU
		{7A214AA2-D625-4D66-959A-60F86F7250B1}.Debug|Any CPU.Deploy.0 = Debug|Any CPU
		{7A214AA2-D625-4D66-959A-60F86F7250B1}.Release|Any CPU.ActiveCfg = Release|Any CPU
		{7A214AA2-D625-4D66-959A-60F86F7250B1}.Release|Any CPU.Build.0 = Release|Any CPU
		{7A214AA2-D625-4D66-959A-60F86F7250B1}.Release|Any CPU.Deploy.0 = Release|Any CPU
	EndGlobalSection
	GlobalSection(SolutionProperties) = preSolution
		HideSolutionNode = FALSE
	EndGlobalSection
	GlobalSection(ExtensibilityGlobals) = postSolution
		SolutionGuid = {8BC4DCD4-6F55-4A37-91C7-B341D88DA61C}
	EndGlobalSection
EndGlobal
